
Microsoft Visual Studio Solution File, Format Version 11.00
# Visual Studio 2010
Project("{FAE04EC0-301F-11D3-BF4B-00C04F79EFBC}") = "TestingEntityFramework.Core", "src\TestingEntityFramework.Core\TestingEntityFramework.Core.csproj", "{8556CBB5-F4F4-46EA-90E0-A5C6F7205612}"
EndProject
Project("{FAE04EC0-301F-11D3-BF4B-00C04F79EFBC}") = "TestingEntityFramework.Data", "src\TestingEntityFramework.Data\TestingEntityFramework.Data.csproj", "{8F431E12-164A-49EF-A4C9-90424E00066B}"
EndProject
Project("{FAE04EC0-301F-11D3-BF4B-00C04F79EFBC}") = "TestingEntityFramework.Tests", "src\TestingEntityFramework.Tests\TestingEntityFramework.Tests.csproj", "{5A64FC24-944C-4AAB-930B-1A7A48A31FDE}"
EndProject
Global
	GlobalSection(SolutionConfigurationPlatforms) = preSolution
		Debug|Any CPU = Debug|Any CPU
		Release|Any CPU = Release|Any CPU
	EndGlobalSection
	GlobalSection(ProjectConfigurationPlatforms) = postSolution
		{8556CBB5-F4F4-46EA-90E0-A5C6F7205612}.Debug|Any CPU.ActiveCfg = Debug|Any CPU
		{8556CBB5-F4F4-46EA-90E0-A5C6F7205612}.Debug|Any CPU.Build.0 = Debug|Any CPU
		{8556CBB5-F4F4-46EA-90E0-A5C6F7205612}.Release|Any CPU.ActiveCfg = Release|Any CPU
		{8556CBB5-F4F4-46EA-90E0-A5C6F7205612}.Release|Any CPU.Build.0 = Release|Any CPU
		{8F431E12-164A-49EF-A4C9-90424E00066B}.Debug|Any CPU.ActiveCfg = Debug|Any CPU
		{8F431E12-164A-49EF-A4C9-90424E00066B}.Debug|Any CPU.Build.0 = Debug|Any CPU
		{8F431E12-164A-49EF-A4C9-90424E00066B}.Release|Any CPU.ActiveCfg = Release|Any CPU
		{8F431E12-164A-49EF-A4C9-90424E00066B}.Release|Any CPU.Build.0 = Release|Any CPU
		{5A64FC24-944C-4AAB-930B-1A7A48A31FDE}.Debug|Any CPU.ActiveCfg = Debug|Any CPU
		{5A64FC24-944C-4AAB-930B-1A7A48A31FDE}.Debug|Any CPU.Build.0 = Debug|Any CPU
		{5A64FC24-944C-4AAB-930B-1A7A48A31FDE}.Release|Any CPU.ActiveCfg = Release|Any CPU
		{5A64FC24-944C-4AAB-930B-1A7A48A31FDE}.Release|Any CPU.Build.0 = Release|Any CPU
	EndGlobalSection
	GlobalSection(SolutionProperties) = preSolution
		HideSolutionNode = FALSE
	EndGlobalSection
EndGlobal
